// !$*UTF8*$!
{
	archiveVersion = 1;
	classes = {
	};
	objectVersion = 46;
	objects = {

/* Begin PBXBuildFile section */
		11196CCD1CB43C110000F7CF /* CoreLocation.framework in Frameworks */ = {isa = PBXBuildFile; fileRef = 11196CCC1CB43C110000F7CF /* CoreLocation.framework */; };
		11196CD71CB49E300000F7CF /* CBVenueListParser.m in Sources */ = {isa = PBXBuildFile; fileRef = 11196CD61CB49E300000F7CF /* CBVenueListParser.m */; };
		11196CDD1CB49EDF0000F7CF /* NSDictionary+Validation.m in Sources */ = {isa = PBXBuildFile; fileRef = 11196CDC1CB49EDF0000F7CF /* NSDictionary+Validation.m */; };
		11196CE91CB4B26F0000F7CF /* CBLocationService.m in Sources */ = {isa = PBXBuildFile; fileRef = 11196CE81CB4B26F0000F7CF /* CBLocationService.m */; };
		11196D0C1CB4F4880000F7CF /* CBCategory.m in Sources */ = {isa = PBXBuildFile; fileRef = 11196D041CB4F4880000F7CF /* CBCategory.m */; };
		11196D0D1CB4F4880000F7CF /* CBContact.m in Sources */ = {isa = PBXBuildFile; fileRef = 11196D061CB4F4880000F7CF /* CBContact.m */; };
		11196D0E1CB4F4880000F7CF /* CBLocation.m in Sources */ = {isa = PBXBuildFile; fileRef = 11196D081CB4F4880000F7CF /* CBLocation.m */; };
		11196D0F1CB4F4880000F7CF /* CBVenue.m in Sources */ = {isa = PBXBuildFile; fileRef = 11196D0A1CB4F4880000F7CF /* CBVenue.m */; };
		11234B781CB529B4008C8DCC /* CBVenueVM.m in Sources */ = {isa = PBXBuildFile; fileRef = 11234B771CB529B4008C8DCC /* CBVenueVM.m */; };
		11234B7B1CB530B5008C8DCC /* CBUtils.m in Sources */ = {isa = PBXBuildFile; fileRef = 11234B7A1CB530B5008C8DCC /* CBUtils.m */; };
		11234B7F1CB53480008C8DCC /* Images.xcassets in Resources */ = {isa = PBXBuildFile; fileRef = 11234B7E1CB53480008C8DCC /* Images.xcassets */; };
		112AF46E1CB5FC0100A5F505 /* CBUtilsTests.m in Sources */ = {isa = PBXBuildFile; fileRef = 112AF46D1CB5FC0100A5F505 /* CBUtilsTests.m */; };
		112AF4701CB6014C00A5F505 /* NSDictionary+ValidationTest.m in Sources */ = {isa = PBXBuildFile; fileRef = 112AF46F1CB6014C00A5F505 /* NSDictionary+ValidationTest.m */; };
		119329B51CB54CE4007F0844 /* MapKit.framework in Frameworks */ = {isa = PBXBuildFile; fileRef = 119329B41CB54CE4007F0844 /* MapKit.framework */; };
		119329E51CB56437007F0844 /* CBShopDataController.m in Sources */ = {isa = PBXBuildFile; fileRef = 119329D61CB56437007F0844 /* CBShopDataController.m */; };
		119329E61CB56437007F0844 /* CBShopViewController.m in Sources */ = {isa = PBXBuildFile; fileRef = 119329D81CB56437007F0844 /* CBShopViewController.m */; };
		119329E71CB56437007F0844 /* CBShopViewController.xib in Resources */ = {isa = PBXBuildFile; fileRef = 119329D91CB56437007F0844 /* CBShopViewController.xib */; };
		119329E81CB56437007F0844 /* CBShopListCell.m in Sources */ = {isa = PBXBuildFile; fileRef = 119329DC1CB56437007F0844 /* CBShopListCell.m */; };
		119329E91CB56437007F0844 /* CBShopListCell.xib in Resources */ = {isa = PBXBuildFile; fileRef = 119329DD1CB56437007F0844 /* CBShopListCell.xib */; };
		119329EA1CB56437007F0844 /* CBShopListViewController.m in Sources */ = {isa = PBXBuildFile; fileRef = 119329E01CB56437007F0844 /* CBShopListViewController.m */; };
		119329EB1CB56437007F0844 /* CBShopListViewController.xib in Resources */ = {isa = PBXBuildFile; fileRef = 119329E11CB56437007F0844 /* CBShopListViewController.xib */; };
		119329EC1CB56437007F0844 /* CBShopMapViewController.m in Sources */ = {isa = PBXBuildFile; fileRef = 119329E31CB56437007F0844 /* CBShopMapViewController.m */; };
		119329ED1CB56437007F0844 /* CBShopMapViewController.xib in Resources */ = {isa = PBXBuildFile; fileRef = 119329E41CB56437007F0844 /* CBShopMapViewController.xib */; };
		11A01B0B1CB3F8880020C6F4 /* main.m in Sources */ = {isa = PBXBuildFile; fileRef = 11A01B0A1CB3F8880020C6F4 /* main.m */; };
		11A01B0E1CB3F8880020C6F4 /* AppDelegate.m in Sources */ = {isa = PBXBuildFile; fileRef = 11A01B0D1CB3F8880020C6F4 /* AppDelegate.m */; };
		11A01B141CB3F8880020C6F4 /* Main.storyboard in Resources */ = {isa = PBXBuildFile; fileRef = 11A01B121CB3F8880020C6F4 /* Main.storyboard */; };
		11A01B161CB3F8880020C6F4 /* Assets.xcassets in Resources */ = {isa = PBXBuildFile; fileRef = 11A01B151CB3F8880020C6F4 /* Assets.xcassets */; };
		11A01B191CB3F8880020C6F4 /* LaunchScreen.storyboard in Resources */ = {isa = PBXBuildFile; fileRef = 11A01B171CB3F8880020C6F4 /* LaunchScreen.storyboard */; };
		11A01B2F1CB3F8880020C6F4 /* CoffeeBreakUITests.m in Sources */ = {isa = PBXBuildFile; fileRef = 11A01B2E1CB3F8880020C6F4 /* CoffeeBreakUITests.m */; };
		11A01B6B1CB41A6A0020C6F4 /* CBFourSquareService.m in Sources */ = {isa = PBXBuildFile; fileRef = 11A01B6A1CB41A6A0020C6F4 /* CBFourSquareService.m */; };
		C475C7F163EB21DF5D00CFD7 /* libPods-CoffeeBreak.a in Frameworks */ = {isa = PBXBuildFile; fileRef = 641DD9512F5DF91D590DDA1E /* libPods-CoffeeBreak.a */; };
/* End PBXBuildFile section */

/* Begin PBXContainerItemProxy section */
		11A01B201CB3F8880020C6F4 /* PBXContainerItemProxy */ = {
			isa = PBXContainerItemProxy;
			containerPortal = 11A01AFE1CB3F8880020C6F4 /* Project object */;
			proxyType = 1;
			remoteGlobalIDString = 11A01B051CB3F8880020C6F4;
			remoteInfo = CoffeeBreak;
		};
		11A01B2B1CB3F8880020C6F4 /* PBXContainerItemProxy */ = {
			isa = PBXContainerItemProxy;
			containerPortal = 11A01AFE1CB3F8880020C6F4 /* Project object */;
			proxyType = 1;
			remoteGlobalIDString = 11A01B051CB3F8880020C6F4;
			remoteInfo = CoffeeBreak;
		};
/* End PBXContainerItemProxy section */

/* Begin PBXFileReference section */
		11196CCC1CB43C110000F7CF /* CoreLocation.framework */ = {isa = PBXFileReference; lastKnownFileType = wrapper.framework; name = CoreLocation.framework; path = System/Library/Frameworks/CoreLocation.framework; sourceTree = SDKROOT; };
		11196CD51CB49E300000F7CF /* CBVenueListParser.h */ = {isa = PBXFileReference; fileEncoding = 4; lastKnownFileType = sourcecode.c.h; path = CBVenueListParser.h; sourceTree = "<group>"; };
		11196CD61CB49E300000F7CF /* CBVenueListParser.m */ = {isa = PBXFileReference; fileEncoding = 4; lastKnownFileType = sourcecode.c.objc; path = CBVenueListParser.m; sourceTree = "<group>"; };
		11196CDB1CB49EDF0000F7CF /* NSDictionary+Validation.h */ = {isa = PBXFileReference; fileEncoding = 4; lastKnownFileType = sourcecode.c.h; path = "NSDictionary+Validation.h"; sourceTree = "<group>"; };
		11196CDC1CB49EDF0000F7CF /* NSDictionary+Validation.m */ = {isa = PBXFileReference; fileEncoding = 4; lastKnownFileType = sourcecode.c.objc; path = "NSDictionary+Validation.m"; sourceTree = "<group>"; };
		11196CE71CB4B26F0000F7CF /* CBLocationService.h */ = {isa = PBXFileReference; fileEncoding = 4; lastKnownFileType = sourcecode.c.h; path = CBLocationService.h; sourceTree = "<group>"; };
		11196CE81CB4B26F0000F7CF /* CBLocationService.m */ = {isa = PBXFileReference; fileEncoding = 4; lastKnownFileType = sourcecode.c.objc; path = CBLocationService.m; sourceTree = "<group>"; };
		11196D011CB4F4880000F7CF /* CBVenueVMImpl.h */ = {isa = PBXFileReference; fileEncoding = 4; lastKnownFileType = sourcecode.c.h; path = CBVenueVMImpl.h; sourceTree = "<group>"; };
		11196D031CB4F4880000F7CF /* CBCategory.h */ = {isa = PBXFileReference; fileEncoding = 4; lastKnownFileType = sourcecode.c.h; path = CBCategory.h; sourceTree = "<group>"; };
		11196D041CB4F4880000F7CF /* CBCategory.m */ = {isa = PBXFileReference; fileEncoding = 4; lastKnownFileType = sourcecode.c.objc; path = CBCategory.m; sourceTree = "<group>"; };
		11196D051CB4F4880000F7CF /* CBContact.h */ = {isa = PBXFileReference; fileEncoding = 4; lastKnownFileType = sourcecode.c.h; path = CBContact.h; sourceTree = "<group>"; };
		11196D061CB4F4880000F7CF /* CBContact.m */ = {isa = PBXFileReference; fileEncoding = 4; lastKnownFileType = sourcecode.c.objc; path = CBContact.m; sourceTree = "<group>"; };
		11196D071CB4F4880000F7CF /* CBLocation.h */ = {isa = PBXFileReference; fileEncoding = 4; lastKnownFileType = sourcecode.c.h; path = CBLocation.h; sourceTree = "<group>"; };
		11196D081CB4F4880000F7CF /* CBLocation.m */ = {isa = PBXFileReference; fileEncoding = 4; lastKnownFileType = sourcecode.c.objc; path = CBLocation.m; sourceTree = "<group>"; };
		11196D091CB4F4880000F7CF /* CBVenue.h */ = {isa = PBXFileReference; fileEncoding = 4; lastKnownFileType = sourcecode.c.h; path = CBVenue.h; sourceTree = "<group>"; };
		11196D0A1CB4F4880000F7CF /* CBVenue.m */ = {isa = PBXFileReference; fileEncoding = 4; lastKnownFileType = sourcecode.c.objc; path = CBVenue.m; sourceTree = "<group>"; };
		11234B761CB529B4008C8DCC /* CBVenueVM.h */ = {isa = PBXFileReference; fileEncoding = 4; lastKnownFileType = sourcecode.c.h; path = CBVenueVM.h; sourceTree = "<group>"; };
		11234B771CB529B4008C8DCC /* CBVenueVM.m */ = {isa = PBXFileReference; fileEncoding = 4; lastKnownFileType = sourcecode.c.objc; path = CBVenueVM.m; sourceTree = "<group>"; };
		11234B791CB530B5008C8DCC /* CBUtils.h */ = {isa = PBXFileReference; fileEncoding = 4; lastKnownFileType = sourcecode.c.h; path = CBUtils.h; sourceTree = "<group>"; };
		11234B7A1CB530B5008C8DCC /* CBUtils.m */ = {isa = PBXFileReference; fileEncoding = 4; lastKnownFileType = sourcecode.c.objc; path = CBUtils.m; sourceTree = "<group>"; };
		11234B7E1CB53480008C8DCC /* Images.xcassets */ = {isa = PBXFileReference; lastKnownFileType = folder.assetcatalog; path = Images.xcassets; sourceTree = "<group>"; };
		112AF46D1CB5FC0100A5F505 /* CBUtilsTests.m */ = {isa = PBXFileReference; fileEncoding = 4; lastKnownFileType = sourcecode.c.objc; path = CBUtilsTests.m; sourceTree = "<group>"; };
		112AF46F1CB6014C00A5F505 /* NSDictionary+ValidationTest.m */ = {isa = PBXFileReference; fileEncoding = 4; lastKnownFileType = sourcecode.c.objc; path = "NSDictionary+ValidationTest.m"; sourceTree = "<group>"; };
		119329B41CB54CE4007F0844 /* MapKit.framework */ = {isa = PBXFileReference; lastKnownFileType = wrapper.framework; name = MapKit.framework; path = System/Library/Frameworks/MapKit.framework; sourceTree = SDKROOT; };
		119329D51CB56437007F0844 /* CBShopDataController.h */ = {isa = PBXFileReference; fileEncoding = 4; lastKnownFileType = sourcecode.c.h; path = CBShopDataController.h; sourceTree = "<group>"; };
		119329D61CB56437007F0844 /* CBShopDataController.m */ = {isa = PBXFileReference; fileEncoding = 4; lastKnownFileType = sourcecode.c.objc; path = CBShopDataController.m; sourceTree = "<group>"; };
		119329D71CB56437007F0844 /* CBShopViewController.h */ = {isa = PBXFileReference; fileEncoding = 4; lastKnownFileType = sourcecode.c.h; path = CBShopViewController.h; sourceTree = "<group>"; };
		119329D81CB56437007F0844 /* CBShopViewController.m */ = {isa = PBXFileReference; fileEncoding = 4; lastKnownFileType = sourcecode.c.objc; path = CBShopViewController.m; sourceTree = "<group>"; };
		119329D91CB56437007F0844 /* CBShopViewController.xib */ = {isa = PBXFileReference; fileEncoding = 4; lastKnownFileType = file.xib; path = CBShopViewController.xib; sourceTree = "<group>"; };
		119329DB1CB56437007F0844 /* CBShopListCell.h */ = {isa = PBXFileReference; fileEncoding = 4; lastKnownFileType = sourcecode.c.h; path = CBShopListCell.h; sourceTree = "<group>"; };
		119329DC1CB56437007F0844 /* CBShopListCell.m */ = {isa = PBXFileReference; fileEncoding = 4; lastKnownFileType = sourcecode.c.objc; path = CBShopListCell.m; sourceTree = "<group>"; };
		119329DD1CB56437007F0844 /* CBShopListCell.xib */ = {isa = PBXFileReference; fileEncoding = 4; lastKnownFileType = file.xib; path = CBShopListCell.xib; sourceTree = "<group>"; };
		119329DF1CB56437007F0844 /* CBShopListViewController.h */ = {isa = PBXFileReference; fileEncoding = 4; lastKnownFileType = sourcecode.c.h; path = CBShopListViewController.h; sourceTree = "<group>"; };
		119329E01CB56437007F0844 /* CBShopListViewController.m */ = {isa = PBXFileReference; fileEncoding = 4; lastKnownFileType = sourcecode.c.objc; path = CBShopListViewController.m; sourceTree = "<group>"; };
		119329E11CB56437007F0844 /* CBShopListViewController.xib */ = {isa = PBXFileReference; fileEncoding = 4; lastKnownFileType = file.xib; path = CBShopListViewController.xib; sourceTree = "<group>"; };
		119329E21CB56437007F0844 /* CBShopMapViewController.h */ = {isa = PBXFileReference; fileEncoding = 4; lastKnownFileType = sourcecode.c.h; path = CBShopMapViewController.h; sourceTree = "<group>"; };
		119329E31CB56437007F0844 /* CBShopMapViewController.m */ = {isa = PBXFileReference; fileEncoding = 4; lastKnownFileType = sourcecode.c.objc; path = CBShopMapViewController.m; sourceTree = "<group>"; };
		119329E41CB56437007F0844 /* CBShopMapViewController.xib */ = {isa = PBXFileReference; fileEncoding = 4; lastKnownFileType = file.xib; path = CBShopMapViewController.xib; sourceTree = "<group>"; };
		119329EE1CB56491007F0844 /* CBShopChildViewControllerImpl.h */ = {isa = PBXFileReference; fileEncoding = 4; lastKnownFileType = sourcecode.c.h; path = CBShopChildViewControllerImpl.h; sourceTree = "<group>"; };
		11A01B061CB3F8880020C6F4 /* CoffeeBreak.app */ = {isa = PBXFileReference; explicitFileType = wrapper.application; includeInIndex = 0; path = CoffeeBreak.app; sourceTree = BUILT_PRODUCTS_DIR; };
		11A01B0A1CB3F8880020C6F4 /* main.m */ = {isa = PBXFileReference; lastKnownFileType = sourcecode.c.objc; path = main.m; sourceTree = "<group>"; };
		11A01B0C1CB3F8880020C6F4 /* AppDelegate.h */ = {isa = PBXFileReference; lastKnownFileType = sourcecode.c.h; path = AppDelegate.h; sourceTree = "<group>"; };
		11A01B0D1CB3F8880020C6F4 /* AppDelegate.m */ = {isa = PBXFileReference; lastKnownFileType = sourcecode.c.objc; path = AppDelegate.m; sourceTree = "<group>"; };
		11A01B131CB3F8880020C6F4 /* Base */ = {isa = PBXFileReference; lastKnownFileType = file.storyboard; name = Base; path = Base.lproj/Main.storyboard; sourceTree = "<group>"; };
		11A01B151CB3F8880020C6F4 /* Assets.xcassets */ = {isa = PBXFileReference; lastKnownFileType = folder.assetcatalog; path = Assets.xcassets; sourceTree = "<group>"; };
		11A01B181CB3F8880020C6F4 /* Base */ = {isa = PBXFileReference; lastKnownFileType = file.storyboard; name = Base; path = Base.lproj/LaunchScreen.storyboard; sourceTree = "<group>"; };
		11A01B1A1CB3F8880020C6F4 /* Info.plist */ = {isa = PBXFileReference; lastKnownFileType = text.plist.xml; path = Info.plist; sourceTree = "<group>"; };
		11A01B1F1CB3F8880020C6F4 /* CoffeeBreakTests.xctest */ = {isa = PBXFileReference; explicitFileType = wrapper.cfbundle; includeInIndex = 0; path = CoffeeBreakTests.xctest; sourceTree = BUILT_PRODUCTS_DIR; };
		11A01B251CB3F8880020C6F4 /* Info.plist */ = {isa = PBXFileReference; lastKnownFileType = text.plist.xml; path = Info.plist; sourceTree = "<group>"; };
		11A01B2A1CB3F8880020C6F4 /* CoffeeBreakUITests.xctest */ = {isa = PBXFileReference; explicitFileType = wrapper.cfbundle; includeInIndex = 0; path = CoffeeBreakUITests.xctest; sourceTree = BUILT_PRODUCTS_DIR; };
		11A01B2E1CB3F8880020C6F4 /* CoffeeBreakUITests.m */ = {isa = PBXFileReference; lastKnownFileType = sourcecode.c.objc; path = CoffeeBreakUITests.m; sourceTree = "<group>"; };
		11A01B301CB3F8880020C6F4 /* Info.plist */ = {isa = PBXFileReference; lastKnownFileType = text.plist.xml; path = Info.plist; sourceTree = "<group>"; };
		11A01B691CB41A6A0020C6F4 /* CBFourSquareService.h */ = {isa = PBXFileReference; fileEncoding = 4; lastKnownFileType = sourcecode.c.h; path = CBFourSquareService.h; sourceTree = "<group>"; };
		11A01B6A1CB41A6A0020C6F4 /* CBFourSquareService.m */ = {isa = PBXFileReference; fileEncoding = 4; lastKnownFileType = sourcecode.c.objc; path = CBFourSquareService.m; sourceTree = "<group>"; };
		11CAF3AD1CB63C3000EA8539 /* CBMacros.h */ = {isa = PBXFileReference; lastKnownFileType = sourcecode.c.h; path = CBMacros.h; sourceTree = "<group>"; };
		244331DC484B4556DE4FD596 /* Pods-CoffeeBreak.release.xcconfig */ = {isa = PBXFileReference; includeInIndex = 1; lastKnownFileType = text.xcconfig; name = "Pods-CoffeeBreak.release.xcconfig"; path = "Pods/Target Support Files/Pods-CoffeeBreak/Pods-CoffeeBreak.release.xcconfig"; sourceTree = "<group>"; };
		641DD9512F5DF91D590DDA1E /* libPods-CoffeeBreak.a */ = {isa = PBXFileReference; explicitFileType = archive.ar; includeInIndex = 0; path = "libPods-CoffeeBreak.a"; sourceTree = BUILT_PRODUCTS_DIR; };
		B7C56BB75359D2FFA4FEA83D /* Pods-CoffeeBreak.debug.xcconfig */ = {isa = PBXFileReference; includeInIndex = 1; lastKnownFileType = text.xcconfig; name = "Pods-CoffeeBreak.debug.xcconfig"; path = "Pods/Target Support Files/Pods-CoffeeBreak/Pods-CoffeeBreak.debug.xcconfig"; sourceTree = "<group>"; };
/* End PBXFileReference section */

/* Begin PBXFrameworksBuildPhase section */
		11A01B031CB3F8880020C6F4 /* Frameworks */ = {
			isa = PBXFrameworksBuildPhase;
			buildActionMask = 2147483647;
			files = (
				119329B51CB54CE4007F0844 /* MapKit.framework in Frameworks */,
				11196CCD1CB43C110000F7CF /* CoreLocation.framework in Frameworks */,
				C475C7F163EB21DF5D00CFD7 /* libPods-CoffeeBreak.a in Frameworks */,
			);
			runOnlyForDeploymentPostprocessing = 0;
		};
		11A01B1C1CB3F8880020C6F4 /* Frameworks */ = {
			isa = PBXFrameworksBuildPhase;
			buildActionMask = 2147483647;
			files = (
			);
			runOnlyForDeploymentPostprocessing = 0;
		};
		11A01B271CB3F8880020C6F4 /* Frameworks */ = {
			isa = PBXFrameworksBuildPhase;
			buildActionMask = 2147483647;
			files = (
			);
			runOnlyForDeploymentPostprocessing = 0;
		};
/* End PBXFrameworksBuildPhase section */

/* Begin PBXGroup section */
		11196CD41CB49E1D0000F7CF /* Parser */ = {
			isa = PBXGroup;
			children = (
				11196CD51CB49E300000F7CF /* CBVenueListParser.h */,
				11196CD61CB49E300000F7CF /* CBVenueListParser.m */,
			);
			path = Parser;
			sourceTree = "<group>";
		};
		11196CFE1CB4F4880000F7CF /* ViewModel */ = {
			isa = PBXGroup;
			children = (
				11196D011CB4F4880000F7CF /* CBVenueVMImpl.h */,
				11234B761CB529B4008C8DCC /* CBVenueVM.h */,
				11234B771CB529B4008C8DCC /* CBVenueVM.m */,
			);
			path = ViewModel;
			sourceTree = "<group>";
		};
		11196D021CB4F4880000F7CF /* DataModel */ = {
			isa = PBXGroup;
			children = (
				11196D031CB4F4880000F7CF /* CBCategory.h */,
				11196D041CB4F4880000F7CF /* CBCategory.m */,
				11196D051CB4F4880000F7CF /* CBContact.h */,
				11196D061CB4F4880000F7CF /* CBContact.m */,
				11196D071CB4F4880000F7CF /* CBLocation.h */,
				11196D081CB4F4880000F7CF /* CBLocation.m */,
				11196D091CB4F4880000F7CF /* CBVenue.h */,
				11196D0A1CB4F4880000F7CF /* CBVenue.m */,
			);
			path = DataModel;
			sourceTree = "<group>";
		};
		119329D41CB56437007F0844 /* CoffeeShop */ = {
			isa = PBXGroup;
			children = (
				119329DA1CB56437007F0844 /* Cell */,
				119329DE1CB56437007F0844 /* ChildViewController */,
				119329D51CB56437007F0844 /* CBShopDataController.h */,
				119329D61CB56437007F0844 /* CBShopDataController.m */,
				119329D71CB56437007F0844 /* CBShopViewController.h */,
				119329D81CB56437007F0844 /* CBShopViewController.m */,
				119329D91CB56437007F0844 /* CBShopViewController.xib */,
			);
			path = CoffeeShop;
			sourceTree = "<group>";
		};
		119329DA1CB56437007F0844 /* Cell */ = {
			isa = PBXGroup;
			children = (
				119329DB1CB56437007F0844 /* CBShopListCell.h */,
				119329DC1CB56437007F0844 /* CBShopListCell.m */,
				119329DD1CB56437007F0844 /* CBShopListCell.xib */,
			);
			path = Cell;
			sourceTree = "<group>";
		};
		119329DE1CB56437007F0844 /* ChildViewController */ = {
			isa = PBXGroup;
			children = (
				119329EE1CB56491007F0844 /* CBShopChildViewControllerImpl.h */,
				119329DF1CB56437007F0844 /* CBShopListViewController.h */,
				119329E01CB56437007F0844 /* CBShopListViewController.m */,
				119329E11CB56437007F0844 /* CBShopListViewController.xib */,
				119329E21CB56437007F0844 /* CBShopMapViewController.h */,
				119329E31CB56437007F0844 /* CBShopMapViewController.m */,
				119329E41CB56437007F0844 /* CBShopMapViewController.xib */,
			);
			path = ChildViewController;
			sourceTree = "<group>";
		};
		11A01AFD1CB3F8880020C6F4 = {
			isa = PBXGroup;
			children = (
				11A01B081CB3F8880020C6F4 /* CoffeeBreak */,
				11A01B221CB3F8880020C6F4 /* CoffeeBreakTests */,
				11A01B2D1CB3F8880020C6F4 /* CoffeeBreakUITests */,
				11A01B071CB3F8880020C6F4 /* Products */,
				78BB8DFA04C19A3457348E43 /* Pods */,
				89EFBDA2A706D2BD2C57B604 /* Frameworks */,
			);
			sourceTree = "<group>";
		};
		11A01B071CB3F8880020C6F4 /* Products */ = {
			isa = PBXGroup;
			children = (
				11A01B061CB3F8880020C6F4 /* CoffeeBreak.app */,
				11A01B1F1CB3F8880020C6F4 /* CoffeeBreakTests.xctest */,
				11A01B2A1CB3F8880020C6F4 /* CoffeeBreakUITests.xctest */,
			);
			name = Products;
			sourceTree = "<group>";
		};
		11A01B081CB3F8880020C6F4 /* CoffeeBreak */ = {
			isa = PBXGroup;
			children = (
				119329D41CB56437007F0844 /* CoffeeShop */,
				11A01B4A1CB404640020C6F4 /* Common */,
				11A01B0C1CB3F8880020C6F4 /* AppDelegate.h */,
				11A01B0D1CB3F8880020C6F4 /* AppDelegate.m */,
				11A01B121CB3F8880020C6F4 /* Main.storyboard */,
				11A01B171CB3F8880020C6F4 /* LaunchScreen.storyboard */,
				11A01B1A1CB3F8880020C6F4 /* Info.plist */,
				11A01B091CB3F8880020C6F4 /* Supporting Files */,
			);
			path = CoffeeBreak;
			sourceTree = "<group>";
		};
		11A01B091CB3F8880020C6F4 /* Supporting Files */ = {
			isa = PBXGroup;
			children = (
				11A01B151CB3F8880020C6F4 /* Assets.xcassets */,
				11234B7E1CB53480008C8DCC /* Images.xcassets */,
				11A01B0A1CB3F8880020C6F4 /* main.m */,
			);
			name = "Supporting Files";
			sourceTree = "<group>";
		};
		11A01B221CB3F8880020C6F4 /* CoffeeBreakTests */ = {
			isa = PBXGroup;
			children = (
				112AF46D1CB5FC0100A5F505 /* CBUtilsTests.m */,
				112AF46F1CB6014C00A5F505 /* NSDictionary+ValidationTest.m */,
				11A01B251CB3F8880020C6F4 /* Info.plist */,
			);
			path = CoffeeBreakTests;
			sourceTree = "<group>";
		};
		11A01B2D1CB3F8880020C6F4 /* CoffeeBreakUITests */ = {
			isa = PBXGroup;
			children = (
				11A01B2E1CB3F8880020C6F4 /* CoffeeBreakUITests.m */,
				11A01B301CB3F8880020C6F4 /* Info.plist */,
			);
			path = CoffeeBreakUITests;
			sourceTree = "<group>";
		};
		11A01B4A1CB404640020C6F4 /* Common */ = {
			isa = PBXGroup;
			children = (
				11196CD41CB49E1D0000F7CF /* Parser */,
				11A01B681CB41A6A0020C6F4 /* Service */,
				11A01B4F1CB4154B0020C6F4 /* Categories */,
				11A01B4B1CB404640020C6F4 /* Models */,
				11A01B4E1CB404640020C6F4 /* Utils */,
			);
			path = Common;
			sourceTree = "<group>";
		};
		11A01B4B1CB404640020C6F4 /* Models */ = {
			isa = PBXGroup;
			children = (
				11196CFE1CB4F4880000F7CF /* ViewModel */,
				11196D021CB4F4880000F7CF /* DataModel */,
			);
			path = Models;
			sourceTree = "<group>";
		};
		11A01B4E1CB404640020C6F4 /* Utils */ = {
			isa = PBXGroup;
			children = (
				11234B791CB530B5008C8DCC /* CBUtils.h */,
				11234B7A1CB530B5008C8DCC /* CBUtils.m */,
				11CAF3AD1CB63C3000EA8539 /* CBMacros.h */,
			);
			path = Utils;
			sourceTree = "<group>";
		};
		11A01B4F1CB4154B0020C6F4 /* Categories */ = {
			isa = PBXGroup;
			children = (
				11196CDB1CB49EDF0000F7CF /* NSDictionary+Validation.h */,
				11196CDC1CB49EDF0000F7CF /* NSDictionary+Validation.m */,
			);
			path = Categories;
			sourceTree = "<group>";
		};
		11A01B681CB41A6A0020C6F4 /* Service */ = {
			isa = PBXGroup;
			children = (
				11A01B691CB41A6A0020C6F4 /* CBFourSquareService.h */,
				11A01B6A1CB41A6A0020C6F4 /* CBFourSquareService.m */,
				11196CE71CB4B26F0000F7CF /* CBLocationService.h */,
				11196CE81CB4B26F0000F7CF /* CBLocationService.m */,
			);
			path = Service;
			sourceTree = "<group>";
		};
		78BB8DFA04C19A3457348E43 /* Pods */ = {
			isa = PBXGroup;
			children = (
				B7C56BB75359D2FFA4FEA83D /* Pods-CoffeeBreak.debug.xcconfig */,
				244331DC484B4556DE4FD596 /* Pods-CoffeeBreak.release.xcconfig */,
			);
			name = Pods;
			sourceTree = "<group>";
		};
		89EFBDA2A706D2BD2C57B604 /* Frameworks */ = {
			isa = PBXGroup;
			children = (
				119329B41CB54CE4007F0844 /* MapKit.framework */,
				11196CCC1CB43C110000F7CF /* CoreLocation.framework */,
				641DD9512F5DF91D590DDA1E /* libPods-CoffeeBreak.a */,
			);
			name = Frameworks;
			sourceTree = "<group>";
		};
/* End PBXGroup section */

/* Begin PBXNativeTarget section */
		11A01B051CB3F8880020C6F4 /* CoffeeBreak */ = {
			isa = PBXNativeTarget;
			buildConfigurationList = 11A01B331CB3F8880020C6F4 /* Build configuration list for PBXNativeTarget "CoffeeBreak" */;
			buildPhases = (
				92D9F9090A49C055E10A8276 /* Check Pods Manifest.lock */,
				11A01B021CB3F8880020C6F4 /* Sources */,
				11A01B031CB3F8880020C6F4 /* Frameworks */,
				11A01B041CB3F8880020C6F4 /* Resources */,
				5C3E8F63959EFCD3CF41A996 /* Embed Pods Frameworks */,
				577581F5055DB169B2C71D7F /* Copy Pods Resources */,
			);
			buildRules = (
			);
			dependencies = (
			);
			name = CoffeeBreak;
			productName = CoffeeBreak;
			productReference = 11A01B061CB3F8880020C6F4 /* CoffeeBreak.app */;
			productType = "com.apple.product-type.application";
		};
		11A01B1E1CB3F8880020C6F4 /* CoffeeBreakTests */ = {
			isa = PBXNativeTarget;
			buildConfigurationList = 11A01B361CB3F8880020C6F4 /* Build configuration list for PBXNativeTarget "CoffeeBreakTests" */;
			buildPhases = (
				11A01B1B1CB3F8880020C6F4 /* Sources */,
				11A01B1C1CB3F8880020C6F4 /* Frameworks */,
				11A01B1D1CB3F8880020C6F4 /* Resources */,
			);
			buildRules = (
			);
			dependencies = (
				11A01B211CB3F8880020C6F4 /* PBXTargetDependency */,
			);
			name = CoffeeBreakTests;
			productName = CoffeeBreakTests;
			productReference = 11A01B1F1CB3F8880020C6F4 /* CoffeeBreakTests.xctest */;
			productType = "com.apple.product-type.bundle.unit-test";
		};
		11A01B291CB3F8880020C6F4 /* CoffeeBreakUITests */ = {
			isa = PBXNativeTarget;
			buildConfigurationList = 11A01B391CB3F8880020C6F4 /* Build configuration list for PBXNativeTarget "CoffeeBreakUITests" */;
			buildPhases = (
				11A01B261CB3F8880020C6F4 /* Sources */,
				11A01B271CB3F8880020C6F4 /* Frameworks */,
				11A01B281CB3F8880020C6F4 /* Resources */,
			);
			buildRules = (
			);
			dependencies = (
				11A01B2C1CB3F8880020C6F4 /* PBXTargetDependency */,
			);
			name = CoffeeBreakUITests;
			productName = CoffeeBreakUITests;
			productReference = 11A01B2A1CB3F8880020C6F4 /* CoffeeBreakUITests.xctest */;
			productType = "com.apple.product-type.bundle.ui-testing";
		};
/* End PBXNativeTarget section */

/* Begin PBXProject section */
		11A01AFE1CB3F8880020C6F4 /* Project object */ = {
			isa = PBXProject;
			attributes = {
				CLASSPREFIX = CB;
				LastUpgradeCheck = 0730;
				ORGANIZATIONNAME = "John Yu";
				TargetAttributes = {
					11A01B051CB3F8880020C6F4 = {
						CreatedOnToolsVersion = 7.3;
					};
					11A01B1E1CB3F8880020C6F4 = {
						CreatedOnToolsVersion = 7.3;
						TestTargetID = 11A01B051CB3F8880020C6F4;
					};
					11A01B291CB3F8880020C6F4 = {
						CreatedOnToolsVersion = 7.3;
						TestTargetID = 11A01B051CB3F8880020C6F4;
					};
				};
			};
			buildConfigurationList = 11A01B011CB3F8880020C6F4 /* Build configuration list for PBXProject "CoffeeBreak" */;
			compatibilityVersion = "Xcode 3.2";
			developmentRegion = English;
			hasScannedForEncodings = 0;
			knownRegions = (
				en,
				Base,
			);
			mainGroup = 11A01AFD1CB3F8880020C6F4;
			productRefGroup = 11A01B071CB3F8880020C6F4 /* Products */;
			projectDirPath = "";
			projectRoot = "";
			targets = (
				11A01B051CB3F8880020C6F4 /* CoffeeBreak */,
				11A01B1E1CB3F8880020C6F4 /* CoffeeBreakTests */,
				11A01B291CB3F8880020C6F4 /* CoffeeBreakUITests */,
			);
		};
/* End PBXProject section */

/* Begin PBXResourcesBuildPhase section */
		11A01B041CB3F8880020C6F4 /* Resources */ = {
			isa = PBXResourcesBuildPhase;
			buildActionMask = 2147483647;
			files = (
				119329ED1CB56437007F0844 /* CBShopMapViewController.xib in Resources */,
				119329EB1CB56437007F0844 /* CBShopListViewController.xib in Resources */,
				11A01B191CB3F8880020C6F4 /* LaunchScreen.storyboard in Resources */,
				119329E71CB56437007F0844 /* CBShopViewController.xib in Resources */,
				119329E91CB56437007F0844 /* CBShopListCell.xib in Resources */,
				11234B7F1CB53480008C8DCC /* Images.xcassets in Resources */,
				11A01B161CB3F8880020C6F4 /* Assets.xcassets in Resources */,
				11A01B141CB3F8880020C6F4 /* Main.storyboard in Resources */,
			);
			runOnlyForDeploymentPostprocessing = 0;
		};
		11A01B1D1CB3F8880020C6F4 /* Resources */ = {
			isa = PBXResourcesBuildPhase;
			buildActionMask = 2147483647;
			files = (
			);
			runOnlyForDeploymentPostprocessing = 0;
		};
		11A01B281CB3F8880020C6F4 /* Resources */ = {
			isa = PBXResourcesBuildPhase;
			buildActionMask = 2147483647;
			files = (
			);
			runOnlyForDeploymentPostprocessing = 0;
		};
/* End PBXResourcesBuildPhase section */

/* Begin PBXShellScriptBuildPhase section */
		577581F5055DB169B2C71D7F /* Copy Pods Resources */ = {
			isa = PBXShellScriptBuildPhase;
			buildActionMask = 2147483647;
			files = (
			);
			inputPaths = (
			);
			name = "Copy Pods Resources";
			outputPaths = (
			);
			runOnlyForDeploymentPostprocessing = 0;
			shellPath = /bin/sh;
			shellScript = "\"${SRCROOT}/Pods/Target Support Files/Pods-CoffeeBreak/Pods-CoffeeBreak-resources.sh\"\n";
			showEnvVarsInLog = 0;
		};
		5C3E8F63959EFCD3CF41A996 /* Embed Pods Frameworks */ = {
			isa = PBXShellScriptBuildPhase;
			buildActionMask = 2147483647;
			files = (
			);
			inputPaths = (
			);
			name = "Embed Pods Frameworks";
			outputPaths = (
			);
			runOnlyForDeploymentPostprocessing = 0;
			shellPath = /bin/sh;
			shellScript = "\"${SRCROOT}/Pods/Target Support Files/Pods-CoffeeBreak/Pods-CoffeeBreak-frameworks.sh\"\n";
			showEnvVarsInLog = 0;
		};
		92D9F9090A49C055E10A8276 /* Check Pods Manifest.lock */ = {
			isa = PBXShellScriptBuildPhase;
			buildActionMask = 2147483647;
			files = (
			);
			inputPaths = (
			);
			name = "Check Pods Manifest.lock";
			outputPaths = (
			);
			runOnlyForDeploymentPostprocessing = 0;
			shellPath = /bin/sh;
			shellScript = "diff \"${PODS_ROOT}/../Podfile.lock\" \"${PODS_ROOT}/Manifest.lock\" > /dev/null\nif [[ $? != 0 ]] ; then\n    cat << EOM\nerror: The sandbox is not in sync with the Podfile.lock. Run 'pod install' or update your CocoaPods installation.\nEOM\n    exit 1\nfi\n";
			showEnvVarsInLog = 0;
		};
/* End PBXShellScriptBuildPhase section */

/* Begin PBXSourcesBuildPhase section */
		11A01B021CB3F8880020C6F4 /* Sources */ = {
			isa = PBXSourcesBuildPhase;
			buildActionMask = 2147483647;
			files = (
				11196CDD1CB49EDF0000F7CF /* NSDictionary+Validation.m in Sources */,
				11196D0F1CB4F4880000F7CF /* CBVenue.m in Sources */,
				11234B781CB529B4008C8DCC /* CBVenueVM.m in Sources */,
				11A01B0E1CB3F8880020C6F4 /* AppDelegate.m in Sources */,
				119329E51CB56437007F0844 /* CBShopDataController.m in Sources */,
				11196CE91CB4B26F0000F7CF /* CBLocationService.m in Sources */,
				11196CD71CB49E300000F7CF /* CBVenueListParser.m in Sources */,
				11A01B6B1CB41A6A0020C6F4 /* CBFourSquareService.m in Sources */,
				11196D0D1CB4F4880000F7CF /* CBContact.m in Sources */,
				119329E61CB56437007F0844 /* CBShopViewController.m in Sources */,
				11196D0E1CB4F4880000F7CF /* CBLocation.m in Sources */,
				119329EC1CB56437007F0844 /* CBShopMapViewController.m in Sources */,
				119329E81CB56437007F0844 /* CBShopListCell.m in Sources */,
				11234B7B1CB530B5008C8DCC /* CBUtils.m in Sources */,
				11196D0C1CB4F4880000F7CF /* CBCategory.m in Sources */,
				11A01B0B1CB3F8880020C6F4 /* main.m in Sources */,
				119329EA1CB56437007F0844 /* CBShopListViewController.m in Sources */,
			);
			runOnlyForDeploymentPostprocessing = 0;
		};
		11A01B1B1CB3F8880020C6F4 /* Sources */ = {
			isa = PBXSourcesBuildPhase;
			buildActionMask = 2147483647;
			files = (
				112AF46E1CB5FC0100A5F505 /* CBUtilsTests.m in Sources */,
				112AF4701CB6014C00A5F505 /* NSDictionary+ValidationTest.m in Sources */,
			);
			runOnlyForDeploymentPostprocessing = 0;
		};
		11A01B261CB3F8880020C6F4 /* Sources */ = {
			isa = PBXSourcesBuildPhase;
			buildActionMask = 2147483647;
			files = (
				11A01B2F1CB3F8880020C6F4 /* CoffeeBreakUITests.m in Sources */,
			);
			runOnlyForDeploymentPostprocessing = 0;
		};
/* End PBXSourcesBuildPhase section */

/* Begin PBXTargetDependency section */
		11A01B211CB3F8880020C6F4 /* PBXTargetDependency */ = {
			isa = PBXTargetDependency;
			target = 11A01B051CB3F8880020C6F4 /* CoffeeBreak */;
			targetProxy = 11A01B201CB3F8880020C6F4 /* PBXContainerItemProxy */;
		};
		11A01B2C1CB3F8880020C6F4 /* PBXTargetDependency */ = {
			isa = PBXTargetDependency;
			target = 11A01B051CB3F8880020C6F4 /* CoffeeBreak */;
			targetProxy = 11A01B2B1CB3F8880020C6F4 /* PBXContainerItemProxy */;
		};
/* End PBXTargetDependency section */

/* Begin PBXVariantGroup section */
		11A01B121CB3F8880020C6F4 /* Main.storyboard */ = {
			isa = PBXVariantGroup;
			children = (
				11A01B131CB3F8880020C6F4 /* Base */,
			);
			name = Main.storyboard;
			sourceTree = "<group>";
		};
		11A01B171CB3F8880020C6F4 /* LaunchScreen.storyboard */ = {
			isa = PBXVariantGroup;
			children = (
				11A01B181CB3F8880020C6F4 /* Base */,
			);
			name = LaunchScreen.storyboard;
			sourceTree = "<group>";
		};
/* End PBXVariantGroup section */

/* Begin XCBuildConfiguration section */
		11A01B311CB3F8880020C6F4 /* Debug */ = {
			isa = XCBuildConfiguration;
			buildSettings = {
				ALWAYS_SEARCH_USER_PATHS = NO;
				CLANG_ANALYZER_NONNULL = YES;
				CLANG_CXX_LANGUAGE_STANDARD = "gnu++0x";
				CLANG_CXX_LIBRARY = "libc++";
				CLANG_ENABLE_MODULES = YES;
				CLANG_ENABLE_OBJC_ARC = YES;
				CLANG_WARN_BOOL_CONVERSION = YES;
				CLANG_WARN_CONSTANT_CONVERSION = YES;
				CLANG_WARN_DIRECT_OBJC_ISA_USAGE = YES_ERROR;
				CLANG_WARN_EMPTY_BODY = YES;
				CLANG_WARN_ENUM_CONVERSION = YES;
				CLANG_WARN_INT_CONVERSION = YES;
				CLANG_WARN_OBJC_ROOT_CLASS = YES_ERROR;
				CLANG_WARN_UNREACHABLE_CODE = YES;
				CLANG_WARN__DUPLICATE_METHOD_MATCH = YES;
				"CODE_SIGN_IDENTITY[sdk=iphoneos*]" = "iPhone Developer";
				COPY_PHASE_STRIP = NO;
				DEBUG_INFORMATION_FORMAT = dwarf;
				ENABLE_STRICT_OBJC_MSGSEND = YES;
				ENABLE_TESTABILITY = YES;
				GCC_C_LANGUAGE_STANDARD = gnu99;
				GCC_DYNAMIC_NO_PIC = NO;
				GCC_NO_COMMON_BLOCKS = YES;
				GCC_OPTIMIZATION_LEVEL = 0;
				GCC_PREPROCESSOR_DEFINITIONS = (
					"DEBUG=1",
					"$(inherited)",
				);
				GCC_WARN_64_TO_32_BIT_CONVERSION = YES;
				GCC_WARN_ABOUT_RETURN_TYPE = YES_ERROR;
				GCC_WARN_UNDECLARED_SELECTOR = YES;
				GCC_WARN_UNINITIALIZED_AUTOS = YES_AGGRESSIVE;
				GCC_WARN_UNUSED_FUNCTION = YES;
				GCC_WARN_UNUSED_VARIABLE = YES;
				IPHONEOS_DEPLOYMENT_TARGET = 9.3;
				MTL_ENABLE_DEBUG_INFO = YES;
				ONLY_ACTIVE_ARCH = YES;
				SDKROOT = iphoneos;
				TARGETED_DEVICE_FAMILY = "1,2";
			};
			name = Debug;
		};
		11A01B321CB3F8880020C6F4 /* Release */ = {
			isa = XCBuildConfiguration;
			buildSettings = {
				ALWAYS_SEARCH_USER_PATHS = NO;
				CLANG_ANALYZER_NONNULL = YES;
				CLANG_CXX_LANGUAGE_STANDARD = "gnu++0x";
				CLANG_CXX_LIBRARY = "libc++";
				CLANG_ENABLE_MODULES = YES;
				CLANG_ENABLE_OBJC_ARC = YES;
				CLANG_WARN_BOOL_CONVERSION = YES;
				CLANG_WARN_CONSTANT_CONVERSION = YES;
				CLANG_WARN_DIRECT_OBJC_ISA_USAGE = YES_ERROR;
				CLANG_WARN_EMPTY_BODY = YES;
				CLANG_WARN_ENUM_CONVERSION = YES;
				CLANG_WARN_INT_CONVERSION = YES;
				CLANG_WARN_OBJC_ROOT_CLASS = YES_ERROR;
				CLANG_WARN_UNREACHABLE_CODE = YES;
				CLANG_WARN__DUPLICATE_METHOD_MATCH = YES;
				"CODE_SIGN_IDENTITY[sdk=iphoneos*]" = "iPhone Developer";
				COPY_PHASE_STRIP = NO;
				DEBUG_INFORMATION_FORMAT = "dwarf-with-dsym";
				ENABLE_NS_ASSERTIONS = NO;
				ENABLE_STRICT_OBJC_MSGSEND = YES;
				GCC_C_LANGUAGE_STANDARD = gnu99;
				GCC_NO_COMMON_BLOCKS = YES;
				GCC_WARN_64_TO_32_BIT_CONVERSION = YES;
				GCC_WARN_ABOUT_RETURN_TYPE = YES_ERROR;
				GCC_WARN_UNDECLARED_SELECTOR = YES;
				GCC_WARN_UNINITIALIZED_AUTOS = YES_AGGRESSIVE;
				GCC_WARN_UNUSED_FUNCTION = YES;
				GCC_WARN_UNUSED_VARIABLE = YES;
				IPHONEOS_DEPLOYMENT_TARGET = 9.3;
				MTL_ENABLE_DEBUG_INFO = NO;
				SDKROOT = iphoneos;
				TARGETED_DEVICE_FAMILY = "1,2";
				VALIDATE_PRODUCT = YES;
			};
			name = Release;
		};
		11A01B341CB3F8880020C6F4 /* Debug */ = {
			isa = XCBuildConfiguration;
			baseConfigurationReference = B7C56BB75359D2FFA4FEA83D /* Pods-CoffeeBreak.debug.xcconfig */;
			buildSettings = {
				ASSETCATALOG_COMPILER_APPICON_NAME = AppIcon;
				INFOPLIST_FILE = CoffeeBreak/Info.plist;
				LD_RUNPATH_SEARCH_PATHS = "$(inherited) @executable_path/Frameworks";
				PRODUCT_BUNDLE_IDENTIFIER = org.yuch.CoffeeBreak;
				PRODUCT_NAME = "$(TARGET_NAME)";
				TARGETED_DEVICE_FAMILY = 1;
			};
			name = Debug;
		};
		11A01B351CB3F8880020C6F4 /* Release */ = {
			isa = XCBuildConfiguration;
			baseConfigurationReference = 244331DC484B4556DE4FD596 /* Pods-CoffeeBreak.release.xcconfig */;
			buildSettings = {
				ASSETCATALOG_COMPILER_APPICON_NAME = AppIcon;
				INFOPLIST_FILE = CoffeeBreak/Info.plist;
				LD_RUNPATH_SEARCH_PATHS = "$(inherited) @executable_path/Frameworks";
				PRODUCT_BUNDLE_IDENTIFIER = org.yuch.CoffeeBreak;
				PRODUCT_NAME = "$(TARGET_NAME)";
				TARGETED_DEVICE_FAMILY = 1;
			};
			name = Release;
		};
		11A01B371CB3F8880020C6F4 /* Debug */ = {
			isa = XCBuildConfiguration;
			buildSettings = {
				BUNDLE_LOADER = "$(TEST_HOST)";
				INFOPLIST_FILE = CoffeeBreakTests/Info.plist;
				LD_RUNPATH_SEARCH_PATHS = "$(inherited) @executable_path/Frameworks @loader_path/Frameworks";
				PRODUCT_BUNDLE_IDENTIFIER = org.yuch.CoffeeBreakTests;
				PRODUCT_NAME = "$(TARGET_NAME)";
				TEST_HOST = "$(BUILT_PRODUCTS_DIR)/CoffeeBreak.app/CoffeeBreak";
			};
			name = Debug;
		};
		11A01B381CB3F8880020C6F4 /* Release */ = {
			isa = XCBuildConfiguration;
			buildSettings = {
				BUNDLE_LOADER = "$(TEST_HOST)";
				INFOPLIST_FILE = CoffeeBreakTests/Info.plist;
				LD_RUNPATH_SEARCH_PATHS = "$(inherited) @executable_path/Frameworks @loader_path/Frameworks";
				PRODUCT_BUNDLE_IDENTIFIER = org.yuch.CoffeeBreakTests;
				PRODUCT_NAME = "$(TARGET_NAME)";
				TEST_HOST = "$(BUILT_PRODUCTS_DIR)/CoffeeBreak.app/CoffeeBreak";
			};
			name = Release;
		};
		11A01B3A1CB3F8880020C6F4 /* Debug */ = {
			isa = XCBuildConfiguration;
			buildSettings = {
				INFOPLIST_FILE = CoffeeBreakUITests/Info.plist;
				LD_RUNPATH_SEARCH_PATHS = "$(inherited) @executable_path/Frameworks @loader_path/Frameworks";
				PRODUCT_BUNDLE_IDENTIFIER = org.yuch.CoffeeBreakUITests;
				PRODUCT_NAME = "$(TARGET_NAME)";
				TEST_TARGET_NAME = CoffeeBreak;
			};
			name = Debug;
		};
		11A01B3B1CB3F8880020C6F4 /* Release */ = {
			isa = XCBuildConfiguration;
			buildSettings = {
				INFOPLIST_FILE = CoffeeBreakUITests/Info.plist;
				LD_RUNPATH_SEARCH_PATHS = "$(inherited) @executable_path/Frameworks @loader_path/Frameworks";
				PRODUCT_BUNDLE_IDENTIFIER = org.yuch.CoffeeBreakUITests;
				PRODUCT_NAME = "$(TARGET_NAME)";
				TEST_TARGET_NAME = CoffeeBreak;
			};
			name = Release;
		};
/* End XCBuildConfiguration section */

/* Begin XCConfigurationList section */
		11A01B011CB3F8880020C6F4 /* Build configuration list for PBXProject "CoffeeBreak" */ = {
			isa = XCConfigurationList;
			buildConfigurations = (
				11A01B311CB3F8880020C6F4 /* Debug */,
				11A01B321CB3F8880020C6F4 /* Release */,
			);
			defaultConfigurationIsVisible = 0;
			defaultConfigurationName = Release;
		};
		11A01B331CB3F8880020C6F4 /* Build configuration list for PBXNativeTarget "CoffeeBreak" */ = {
			isa = XCConfigurationList;
			buildConfigurations = (
				11A01B341CB3F8880020C6F4 /* Debug */,
				11A01B351CB3F8880020C6F4 /* Release */,
			);
			defaultConfigurationIsVisible = 0;
			defaultConfigurationName = Release;
		};
		11A01B361CB3F8880020C6F4 /* Build configuration list for PBXNativeTarget "CoffeeBreakTests" */ = {
			isa = XCConfigurationList;
			buildConfigurations = (
				11A01B371CB3F8880020C6F4 /* Debug */,
				11A01B381CB3F8880020C6F4 /* Release */,
			);
			defaultConfigurationIsVisible = 0;
			defaultConfigurationName = Release;
		};
		11A01B391CB3F8880020C6F4 /* Build configuration list for PBXNativeTarget "CoffeeBreakUITests" */ = {
			isa = XCConfigurationList;
			buildConfigurations = (
				11A01B3A1CB3F8880020C6F4 /* Debug */,
				11A01B3B1CB3F8880020C6F4 /* Release */,
			);
			defaultConfigurationIsVisible = 0;
			defaultConfigurationName = Release;
		};
/* End XCConfigurationList section */
	};
	rootObject = 11A01AFE1CB3F8880020C6F4 /* Project object */;
}
